{
    "requires": true,
    "lockfileVersion": 1,
    "dependencies": {
        "async-limiter": {
            "version": "1.0.1",
            "resolved": "https://registry.npmjs.org/async-limiter/-/async-limiter-1.0.1.tgz",
            "integrity": "sha512-csOlWGAcRFJaI6m+F2WKdnMKr4HhdhFVBk0H/QbJFMCr+uO2kwohwXQPxw/9OCxp05r5ghVBFSyioixx3gfkNQ=="
        },
        "base64-js": {
            "version": "1.5.1",
            "resolved": "https://registry.npmjs.org/base64-js/-/base64-js-1.5.1.tgz",
            "integrity": "sha512-AKpaYlHn8t4SVbOHCy+b5+KKgvR4vrsD8vbvrbiQJps7fKDTkjkDry6ji0rUJjC0kzbNePLwzxq8iypo41qeWA=="
        },
        "blake3": {
            "version": "2.1.4",
            "resolved": "https://registry.npmjs.org/blake3/-/blake3-2.1.4.tgz",
            "integrity": "sha512-70hmx0lPd6zmtNwxPT4/1P0pqaEUlTJ0noUBvCXPLfMpN0o8PPaK3q7ZlpRIyhrqcXxeMAJSowNm/L9oi/x1XA=="
        },
        "bson": {
            "version": "4.0.4",
            "resolved": "https://registry.npmjs.org/bson/-/bson-4.0.4.tgz",
            "integrity": "sha512-Ioi3TD0/1V3aI8+hPfC56TetYmzfq2H07jJa9A1lKTxWsFtHtYdLMGMXjtGEg9v0f72NSM07diRQEUNYhLupIA==",
            "requires": {
                "buffer": "^5.1.0",
                "long": "^4.0.0"
            }
        },
        "buffer": {
            "version": "5.7.1",
            "resolved": "https://registry.npmjs.org/buffer/-/buffer-5.7.1.tgz",
            "integrity": "sha512-EHcyIPBQ4BSGlvjB16k5KgAJ27CIsHY/2JBmCRReo48y9rQ3MaUzWX3KVlBa4U7MyX02HdVj0K7C3WaB3ju7FQ==",
            "requires": {
                "base64-js": "^1.3.1",
                "ieee754": "^1.1.13"
            }
        },
        "buffer-from": {
            "version": "1.1.2",
            "resolved": "https://registry.npmjs.org/buffer-from/-/buffer-from-1.1.2.tgz",
            "integrity": "sha512-E+XQCRwSbaaiChtv6k6Dwgc+bx+Bs6vuKJHHl5kox/BaKbhiXzqQOwK4cO22yElGp2OCmjwVhT3HmxgyPGnJfQ==",
            "dev": true
        },
        "commander": {
            "version": "2.20.3",
            "resolved": "https://registry.npmjs.org/commander/-/commander-2.20.3.tgz",
            "integrity": "sha512-GpVkmM8vF2vQUkj2LvZmD35JxeJOLCwJ9cUkugyk2nuhbv3+mJvpLYYt+0+USMxE+oj+ey/lJEnhZw75x/OMcQ==",
            "dev": true
        },
        "hotpocket-js-client": {
            "version": "0.5.1",
            "resolved": "https://registry.npmjs.org/hotpocket-js-client/-/hotpocket-js-client-0.5.1.tgz",
            "integrity": "sha512-l11Fh6+Qia3gzk/latGf1ePoemIp/XO6L73mvo3b3XEyEF93Ew6+DxQzCsCYmXWEsSp5WgYsma5NOPvVMypDEw==",
            "requires": {
                "blake3": "2.1.4",
                "bson": "4.5.3",
                "libsodium-wrappers": "0.7.9",
                "ws": "8.2.3"
            },
            "dependencies": {
                "bson": {
                    "version": "4.5.3",
                    "resolved": "https://registry.npmjs.org/bson/-/bson-4.5.3.tgz",
                    "integrity": "sha512-qVX7LX79Mtj7B3NPLzCfBiCP6RAsjiV8N63DjlaVVpZW+PFoDTxQ4SeDbSpcqgE6mXksM5CAwZnXxxxn/XwC0g==",
                    "requires": {
                        "buffer": "^5.6.0"
                    }
                },
                "libsodium-wrappers": {
                    "version": "0.7.9",
                    "resolved": "https://registry.npmjs.org/libsodium-wrappers/-/libsodium-wrappers-0.7.9.tgz",
                    "integrity": "sha512-9HaAeBGk1nKTRFRHkt7nzxqCvnkWTjn1pdjKgcUnZxj0FyOP4CnhgFhMdrFfgNsukijBGyBLpP2m2uKT1vuWhQ==",
                    "requires": {
                        "libsodium": "^0.7.0"
                    }
                },
                "ws": {
                    "version": "8.2.3",
                    "resolved": "https://registry.npmjs.org/ws/-/ws-8.2.3.tgz",
                    "integrity": "sha512-wBuoj1BDpC6ZQ1B7DWQBYVLphPWkm8i9Y0/3YdHjHKHiohOJ1ws+3OccDWtH+PoC9DZD5WOTrJvNbWvjS6JWaA=="
                }
            }
        },
        "ieee754": {
            "version": "1.2.1",
            "resolved": "https://registry.npmjs.org/ieee754/-/ieee754-1.2.1.tgz",
            "integrity": "sha512-dcyqhDvX1C46lXZcVqCpK+FtMRQVdIMN6/Df5js2zouUsqG7I6sFxitIC+7KYK29KdXOLHdu9zL4sFnoVQnqaA=="
        },
        "libsodium": {
            "version": "0.7.6",
            "resolved": "https://registry.npmjs.org/libsodium/-/libsodium-0.7.6.tgz",
            "integrity": "sha512-hPb/04sEuLcTRdWDtd+xH3RXBihpmbPCsKW/Jtf4PsvdyKh+D6z2D2gvp/5BfoxseP+0FCOg66kE+0oGUE/loQ=="
        },
        "libsodium-wrappers": {
            "version": "0.7.6",
            "resolved": "https://registry.npmjs.org/libsodium-wrappers/-/libsodium-wrappers-0.7.6.tgz",
            "integrity": "sha512-OUO2CWW5bHdLr6hkKLHIKI4raEkZrf3QHkhXsJ1yCh6MZ3JDA7jFD3kCATNquuGSG6MjjPHQIQms0y0gBDzjQg==",
            "requires": {
                "libsodium": "0.7.6"
            }
        },
        "long": {
            "version": "4.0.0",
            "resolved": "https://registry.npmjs.org/long/-/long-4.0.0.tgz",
            "integrity": "sha512-XsP+KhQif4bjX1kbuSiySJFNAehNxgLb6hPRGJ9QsUr8ajHkuXGdrHmFUTUUXhDwVX2R5bY4JNZEwbUiMhV+MA=="
        },
        "source-map": {
            "version": "0.7.3",
            "resolved": "https://registry.npmjs.org/source-map/-/source-map-0.7.3.tgz",
            "integrity": "sha512-CkCj6giN3S+n9qrYiBTX5gystlENnRW5jZeNLHpe6aue+SrHcG5VYwujhW9s4dY31mEGsxBDrHR6oI69fTXsaQ==",
            "dev": true
        },
        "source-map-support": {
            "version": "0.5.20",
            "resolved": "https://registry.npmjs.org/source-map-support/-/source-map-support-0.5.20.tgz",
            "integrity": "sha512-n1lZZ8Ve4ksRqizaBQgxXDgKwttHDhyfQjA6YZZn8+AroHbsIz+JjwxQDxbp+7y5OYCI8t1Yk7etjD9CRd2hIw==",
            "dev": true,
            "requires": {
                "buffer-from": "^1.0.0",
                "source-map": "^0.6.0"
            },
            "dependencies": {
                "source-map": {
                    "version": "0.6.1",
                    "resolved": "https://registry.npmjs.org/source-map/-/source-map-0.6.1.tgz",
                    "integrity": "sha512-UjgapumWlbMhkBgzT7Ykc5YXUT46F0iKu8SGXq0bcwP5dz/h0Plj6enJqjz1Zbq2l5WaqYnrVbwWOWMyF3F47g==",
                    "dev": true
                }
            }
        },
        "terser": {
            "version": "5.7.0",
            "resolved": "https://registry.npmjs.org/terser/-/terser-5.7.0.tgz",
            "integrity": "sha512-HP5/9hp2UaZt5fYkuhNBR8YyRcT8juw8+uFbAme53iN9hblvKnLUTKkmwJG6ocWpIKf8UK4DoeWG4ty0J6S6/g==",
            "dev": true,
            "requires": {
                "commander": "^2.20.0",
                "source-map": "~0.7.2",
                "source-map-support": "~0.5.19"
            }
        },
        "ws": {
            "version": "7.1.2",
            "resolved": "https://registry.npmjs.org/ws/-/ws-7.1.2.tgz",
            "integrity": "sha512-gftXq3XI81cJCgkUiAVixA0raD9IVmXqsylCrjRygw4+UOOGzPoxnQ6r/CnVL9i+mDncJo94tSkyrtuuQVBmrg==",
            "requires": {
                "async-limiter": "^1.0.0"
            }
        }
    }
}
